{
  "version": 4,
  "terraform_version": "0.12.20",
  "serial": 17,
  "lineage": "4fde6469-80ab-9e6b-49bd-0d0223cd376d",
  "outputs": {
    "external_ip": {
      "value": "35.153.71.96",
      "type": "string"
    }
  },
  "resources": [
    {
      "mode": "managed",
      "type": "aws_instance",
      "name": "test",
      "provider": "provider.aws",
      "instances": [
        {
          "schema_version": 1,
          "attributes": {
            "ami": "ami-0f9c9884b78c1a3f6",
            "arn": "arn:aws:ec2:us-east-1:929546645540:instance/i-079c56dd98bda6cb3",
            "associate_public_ip_address": true,
            "availability_zone": "us-east-1a",
            "cpu_core_count": 1,
            "cpu_threads_per_core": 1,
            "credit_specification": [
              {
                "cpu_credits": "standard"
              }
            ],
            "disable_api_termination": false,
            "ebs_block_device": [],
            "ebs_optimized": false,
            "ephemeral_block_device": [],
            "get_password_data": false,
            "hibernation": false,
            "host_id": null,
            "iam_instance_profile": "",
            "id": "i-079c56dd98bda6cb3",
            "instance_initiated_shutdown_behavior": null,
            "instance_state": "running",
            "instance_type": "t2.micro",
            "ipv6_address_count": 0,
            "ipv6_addresses": [],
            "key_name": "test-workshop-iac-key",
            "metadata_options": [
              {
                "http_endpoint": "enabled",
                "http_put_response_hop_limit": 1,
                "http_tokens": "optional"
              }
            ],
            "monitoring": false,
            "network_interface": [],
            "network_interface_id": null,
            "outpost_arn": "",
            "password_data": "",
            "placement_group": "",
            "primary_network_interface_id": "eni-08952acd284ed628b",
            "private_dns": "ip-172-31-21-139.ec2.internal",
            "private_ip": "172.31.21.139",
            "public_dns": "ec2-35-153-71-96.compute-1.amazonaws.com",
            "public_ip": "35.153.71.96",
            "root_block_device": [
              {
                "delete_on_termination": true,
                "device_name": "/dev/sda1",
                "encrypted": false,
                "iops": 100,
                "kms_key_id": "",
                "volume_id": "vol-025e4863d5611f523",
                "volume_size": 10,
                "volume_type": "gp2"
              }
            ],
            "security_groups": [
              "sg-0d4d2e51d2190cfed"
            ],
            "source_dest_check": true,
            "subnet_id": "subnet-9a7a9fc2",
            "tags": {
              "project": "workshop-iac",
              "team": "cloudsec"
            },
            "tenancy": "default",
            "timeouts": null,
            "user_data": null,
            "user_data_base64": null,
            "volume_tags": {},
            "vpc_security_group_ids": [
              "sg-0d4d2e51d2190cfed"
            ]
          },
          "private": "eyJlMmJmYjczMC1lY2FhLTExZTYtOGY4OC0zNDM2M2JjN2M0YzAiOnsiY3JlYXRlIjo2MDAwMDAwMDAwMDAsImRlbGV0ZSI6MTIwMDAwMDAwMDAwMCwidXBkYXRlIjo2MDAwMDAwMDAwMDB9LCJzY2hlbWFfdmVyc2lvbiI6IjEifQ==",
          "dependencies": [
            "aws_key_pair.test_key",
            "aws_security_group.test-ssh-connection"
          ]
        }
      ]
    },
    {
      "mode": "managed",
      "type": "aws_key_pair",
      "name": "test_key",
      "provider": "provider.aws",
      "instances": [
        {
          "schema_version": 1,
          "attributes": {
            "arn": "arn:aws:ec2:us-east-1:929546645540:key-pair/test-workshop-iac-key",
            "fingerprint": "80:a9:91:4b:e9:61:37:e1:9e:02:c5:14:16:cc:db:e7",
            "id": "test-workshop-iac-key",
            "key_name": "test-workshop-iac-key",
            "key_name_prefix": null,
            "key_pair_id": "key-0a6c0fbe023f6a0e7",
            "public_key": "ssh-rsa AAAAB3NzaC1yc2EAAAADAQABAAABAQCovWuLrCHRlC5ZapSlyolyA8xT6KFCaTU94trBVl4HcyfCLubstdoQDvCDGMa1K/JMFppphW/J46xsx7v1qGVAlfPFmh//EPtFoFIPD5zlepQRDiA++DgRUL7YZ/oXKQ/Pfbe+yyfI7x7jsOBzIxMPIxMqxY82jn44CXB2nWsN8n/F6D0q50pFWHHYIC6OY4PO6Ont6U/MFgsNhZkzmTf8xnQOZZvElswF/Ba87ua7PcbIhzHySIabU3ChXI71tqHiAwDsCw8Glcjd2bB57NfdwLKW7UGf3I469ViHXrpf208hRu7Uwt4DzZChUe276HYUk9ihFSgZUMKwkprwcIOv lcalisi@AR0FVFYH161HV2J",
            "tags": null
          },
          "private": "eyJzY2hlbWFfdmVyc2lvbiI6IjEifQ=="
        }
      ]
    },
    {
      "mode": "managed",
      "type": "aws_security_group",
      "name": "test-ssh-connection",
      "provider": "provider.aws",
      "instances": [
        {
          "schema_version": 1,
          "attributes": {
            "arn": "arn:aws:ec2:us-east-1:929546645540:security-group/sg-0d4d2e51d2190cfed",
            "description": "workshop iac cloudsec",
            "egress": [
              {
                "cidr_blocks": [
                  "0.0.0.0/0"
                ],
                "description": "",
                "from_port": 0,
                "ipv6_cidr_blocks": [],
                "prefix_list_ids": [],
                "protocol": "-1",
                "security_groups": [],
                "self": false,
                "to_port": 0
              }
            ],
            "id": "sg-0d4d2e51d2190cfed",
            "ingress": [
              {
                "cidr_blocks": [
                  "190.189.96.114/32"
                ],
                "description": "HTTP from my pc",
                "from_port": 80,
                "ipv6_cidr_blocks": [],
                "prefix_list_ids": [],
                "protocol": "tcp",
                "security_groups": [],
                "self": false,
                "to_port": 80
              },
              {
                "cidr_blocks": [
                  "190.189.96.114/32"
                ],
                "description": "SSH from my pc",
                "from_port": 22,
                "ipv6_cidr_blocks": [],
                "prefix_list_ids": [],
                "protocol": "tcp",
                "security_groups": [],
                "self": false,
                "to_port": 22
              }
            ],
            "name": "workshop-iac",
            "name_prefix": null,
            "owner_id": "929546645540",
            "revoke_rules_on_delete": false,
            "tags": {
              "Name": "allow_tls"
            },
            "timeouts": null,
            "vpc_id": "vpc-ea85138e"
          },
          "private": "eyJlMmJmYjczMC1lY2FhLTExZTYtOGY4OC0zNDM2M2JjN2M0YzAiOnsiY3JlYXRlIjo2MDAwMDAwMDAwMDAsImRlbGV0ZSI6NjAwMDAwMDAwMDAwfSwic2NoZW1hX3ZlcnNpb24iOiIxIn0="
        }
      ]
    }
  ]
}
